// !$*UTF8*$!
{
	archiveVersion = 1;
	classes = {
	};
	objectVersion = 50;
	objects = {

/* Begin PBXBuildFile section */
		91727A462546D83A008AB634 /* _6_kinds_of_SwiftUI_modifierApp.swift in Sources */ = {isa = PBXBuildFile; fileRef = 91727A452546D83A008AB634 /* _6_kinds_of_SwiftUI_modifierApp.swift */; };
		91727A482546D83A008AB634 /* ContentView.swift in Sources */ = {isa = PBXBuildFile; fileRef = 91727A472546D83A008AB634 /* ContentView.swift */; };
		91727A4A2546D83D008AB634 /* Assets.xcassets in Resources */ = {isa = PBXBuildFile; fileRef = 91727A492546D83D008AB634 /* Assets.xcassets */; };
		91727A4D2546D83D008AB634 /* Preview Assets.xcassets in Resources */ = {isa = PBXBuildFile; fileRef = 91727A4C2546D83D008AB634 /* Preview Assets.xcassets */; };
		91727A582546D83F008AB634 /* _6_kinds_of_SwiftUI_modifierTests.swift in Sources */ = {isa = PBXBuildFile; fileRef = 91727A572546D83F008AB634 /* _6_kinds_of_SwiftUI_modifierTests.swift */; };
		91727A632546D83F008AB634 /* _6_kinds_of_SwiftUI_modifierUITests.swift in Sources */ = {isa = PBXBuildFile; fileRef = 91727A622546D83F008AB634 /* _6_kinds_of_SwiftUI_modifierUITests.swift */; };
		91727A742546D996008AB634 /* EditPhotoView.swift in Sources */ = {isa = PBXBuildFile; fileRef = 91727A732546D996008AB634 /* EditPhotoView.swift */; };
		91727A79254710C2008AB634 /* PickView.swift in Sources */ = {isa = PBXBuildFile; fileRef = 91727A78254710C2008AB634 /* PickView.swift */; };
/* End PBXBuildFile section */

/* Begin PBXContainerItemProxy section */
		91727A542546D83F008AB634 /* PBXContainerItemProxy */ = {
			isa = PBXContainerItemProxy;
			containerPortal = 91727A3A2546D83A008AB634 /* Project object */;
			proxyType = 1;
			remoteGlobalIDString = 91727A412546D83A008AB634;
			remoteInfo = "16 kinds of SwiftUI modifier";
		};
		91727A5F2546D83F008AB634 /* PBXContainerItemProxy */ = {
			isa = PBXContainerItemProxy;
			containerPortal = 91727A3A2546D83A008AB634 /* Project object */;
			proxyType = 1;
			remoteGlobalIDString = 91727A412546D83A008AB634;
			remoteInfo = "16 kinds of SwiftUI modifier";
		};
/* End PBXContainerItemProxy section */

/* Begin PBXFileReference section */
		91727A422546D83A008AB634 /* 16 kinds of SwiftUI modifier.app */ = {isa = PBXFileReference; explicitFileType = wrapper.application; includeInIndex = 0; path = "16 kinds of SwiftUI modifier.app"; sourceTree = BUILT_PRODUCTS_DIR; };
		91727A452546D83A008AB634 /* _6_kinds_of_SwiftUI_modifierApp.swift */ = {isa = PBXFileReference; lastKnownFileType = sourcecode.swift; path = _6_kinds_of_SwiftUI_modifierApp.swift; sourceTree = "<group>"; };
		91727A472546D83A008AB634 /* ContentView.swift */ = {isa = PBXFileReference; lastKnownFileType = sourcecode.swift; path = ContentView.swift; sourceTree = "<group>"; };
		91727A492546D83D008AB634 /* Assets.xcassets */ = {isa = PBXFileReference; lastKnownFileType = folder.assetcatalog; path = Assets.xcassets; sourceTree = "<group>"; };
		91727A4C2546D83D008AB634 /* Preview Assets.xcassets */ = {isa = PBXFileReference; lastKnownFileType = folder.assetcatalog; path = "Preview Assets.xcassets"; sourceTree = "<group>"; };
		91727A4E2546D83D008AB634 /* Info.plist */ = {isa = PBXFileReference; lastKnownFileType = text.plist.xml; path = Info.plist; sourceTree = "<group>"; };
		91727A532546D83F008AB634 /* 16 kinds of SwiftUI modifierTests.xctest */ = {isa = PBXFileReference; explicitFileType = wrapper.cfbundle; includeInIndex = 0; path = "16 kinds of SwiftUI modifierTests.xctest"; sourceTree = BUILT_PRODUCTS_DIR; };
		91727A572546D83F008AB634 /* _6_kinds_of_SwiftUI_modifierTests.swift */ = {isa = PBXFileReference; lastKnownFileType = sourcecode.swift; path = _6_kinds_of_SwiftUI_modifierTests.swift; sourceTree = "<group>"; };
		91727A592546D83F008AB634 /* Info.plist */ = {isa = PBXFileReference; lastKnownFileType = text.plist.xml; path = Info.plist; sourceTree = "<group>"; };
		91727A5E2546D83F008AB634 /* 16 kinds of SwiftUI modifierUITests.xctest */ = {isa = PBXFileReference; explicitFileType = wrapper.cfbundle; includeInIndex = 0; path = "16 kinds of SwiftUI modifierUITests.xctest"; sourceTree = BUILT_PRODUCTS_DIR; };
		91727A622546D83F008AB634 /* _6_kinds_of_SwiftUI_modifierUITests.swift */ = {isa = PBXFileReference; lastKnownFileType = sourcecode.swift; path = _6_kinds_of_SwiftUI_modifierUITests.swift; sourceTree = "<group>"; };
		91727A642546D83F008AB634 /* Info.plist */ = {isa = PBXFileReference; lastKnownFileType = text.plist.xml; path = Info.plist; sourceTree = "<group>"; };
		91727A732546D996008AB634 /* EditPhotoView.swift */ = {isa = PBXFileReference; lastKnownFileType = sourcecode.swift; path = EditPhotoView.swift; sourceTree = "<group>"; };
		91727A78254710C2008AB634 /* PickView.swift */ = {isa = PBXFileReference; lastKnownFileType = sourcecode.swift; path = PickView.swift; sourceTree = "<group>"; };
/* End PBXFileReference section */

/* Begin PBXFrameworksBuildPhase section */
		91727A3F2546D83A008AB634 /* Frameworks */ = {
			isa = PBXFrameworksBuildPhase;
			buildActionMask = 2147483647;
			files = (
			);
			runOnlyForDeploymentPostprocessing = 0;
		};
		91727A502546D83F008AB634 /* Frameworks */ = {
			isa = PBXFrameworksBuildPhase;
			buildActionMask = 2147483647;
			files = (
			);
			runOnlyForDeploymentPostprocessing = 0;
		};
		91727A5B2546D83F008AB634 /* Frameworks */ = {
			isa = PBXFrameworksBuildPhase;
			buildActionMask = 2147483647;
			files = (
			);
			runOnlyForDeploymentPostprocessing = 0;
		};
/* End PBXFrameworksBuildPhase section */

/* Begin PBXGroup section */
		91727A392546D83A008AB634 = {
			isa = PBXGroup;
			children = (
				91727A442546D83A008AB634 /* 16 kinds of SwiftUI modifier */,
				91727A562546D83F008AB634 /* 16 kinds of SwiftUI modifierTests */,
				91727A612546D83F008AB634 /* 16 kinds of SwiftUI modifierUITests */,
				91727A432546D83A008AB634 /* Products */,
			);
			sourceTree = "<group>";
		};
		91727A432546D83A008AB634 /* Products */ = {
			isa = PBXGroup;
			children = (
				91727A422546D83A008AB634 /* 16 kinds of SwiftUI modifier.app */,
				91727A532546D83F008AB634 /* 16 kinds of SwiftUI modifierTests.xctest */,
				91727A5E2546D83F008AB634 /* 16 kinds of SwiftUI modifierUITests.xctest */,
			);
			name = Products;
			sourceTree = "<group>";
		};
		91727A442546D83A008AB634 /* 16 kinds of SwiftUI modifier */ = {
			isa = PBXGroup;
			children = (
				91727A452546D83A008AB634 /* _6_kinds_of_SwiftUI_modifierApp.swift */,
				91727A472546D83A008AB634 /* ContentView.swift */,
				91727A732546D996008AB634 /* EditPhotoView.swift */,
				91727A78254710C2008AB634 /* PickView.swift */,
				91727A492546D83D008AB634 /* Assets.xcassets */,
				91727A4E2546D83D008AB634 /* Info.plist */,
				91727A4B2546D83D008AB634 /* Preview Content */,
			);
			path = "16 kinds of SwiftUI modifier";
			sourceTree = "<group>";
		};
		91727A4B2546D83D008AB634 /* Preview Content */ = {
			isa = PBXGroup;
			children = (
				91727A4C2546D83D008AB634 /* Preview Assets.xcassets */,
			);
			path = "Preview Content";
			sourceTree = "<group>";
		};
		91727A562546D83F008AB634 /* 16 kinds of SwiftUI modifierTests */ = {
			isa = PBXGroup;
			children = (
				91727A572546D83F008AB634 /* _6_kinds_of_SwiftUI_modifierTests.swift */,
				91727A592546D83F008AB634 /* Info.plist */,
			);
			path = "16 kinds of SwiftUI modifierTests";
			sourceTree = "<group>";
		};
		91727A612546D83F008AB634 /* 16 kinds of SwiftUI modifierUITests */ = {
			isa = PBXGroup;
			children = (
				91727A622546D83F008AB634 /* _6_kinds_of_SwiftUI_modifierUITests.swift */,
				91727A642546D83F008AB634 /* Info.plist */,
			);
			path = "16 kinds of SwiftUI modifierUITests";
			sourceTree = "<group>";
		};
/* End PBXGroup section */

/* Begin PBXNativeTarget section */
		91727A412546D83A008AB634 /* 16 kinds of SwiftUI modifier */ = {
			isa = PBXNativeTarget;
			buildConfigurationList = 91727A672546D83F008AB634 /* Build configuration list for PBXNativeTarget "16 kinds of SwiftUI modifier" */;
			buildPhases = (
				91727A3E2546D83A008AB634 /* Sources */,
				91727A3F2546D83A008AB634 /* Frameworks */,
				91727A402546D83A008AB634 /* Resources */,
			);
			buildRules = (
			);
			dependencies = (
			);
			name = "16 kinds of SwiftUI modifier";
			productName = "16 kinds of SwiftUI modifier";
			productReference = 91727A422546D83A008AB634 /* 16 kinds of SwiftUI modifier.app */;
			productType = "com.apple.product-type.application";
		};
		91727A522546D83F008AB634 /* 16 kinds of SwiftUI modifierTests */ = {
			isa = PBXNativeTarget;
			buildConfigurationList = 91727A6A2546D83F008AB634 /* Build configuration list for PBXNativeTarget "16 kinds of SwiftUI modifierTests" */;
			buildPhases = (
				91727A4F2546D83F008AB634 /* Sources */,
				91727A502546D83F008AB634 /* Frameworks */,
				91727A512546D83F008AB634 /* Resources */,
			);
			buildRules = (
			);
			dependencies = (
				91727A552546D83F008AB634 /* PBXTargetDependency */,
			);
			name = "16 kinds of SwiftUI modifierTests";
			productName = "16 kinds of SwiftUI modifierTests";
			productReference = 91727A532546D83F008AB634 /* 16 kinds of SwiftUI modifierTests.xctest */;
			productType = "com.apple.product-type.bundle.unit-test";
		};
		91727A5D2546D83F008AB634 /* 16 kinds of SwiftUI modifierUITests */ = {
			isa = PBXNativeTarget;
			buildConfigurationList = 91727A6D2546D83F008AB634 /* Build configuration list for PBXNativeTarget "16 kinds of SwiftUI modifierUITests" */;
			buildPhases = (
				91727A5A2546D83F008AB634 /* Sources */,
				91727A5B2546D83F008AB634 /* Frameworks */,
				91727A5C2546D83F008AB634 /* Resources */,
			);
			buildRules = (
			);
			dependencies = (
				91727A602546D83F008AB634 /* PBXTargetDependency */,
			);
			name = "16 kinds of SwiftUI modifierUITests";
			productName = "16 kinds of SwiftUI modifierUITests";
			productReference = 91727A5E2546D83F008AB634 /* 16 kinds of SwiftUI modifierUITests.xctest */;
			productType = "com.apple.product-type.bundle.ui-testing";
		};
/* End PBXNativeTarget section */

/* Begin PBXProject section */
		91727A3A2546D83A008AB634 /* Project object */ = {
			isa = PBXProject;
			attributes = {
				LastSwiftUpdateCheck = 1210;
				LastUpgradeCheck = 1210;
				TargetAttributes = {
					91727A412546D83A008AB634 = {
						CreatedOnToolsVersion = 12.1;
					};
					91727A522546D83F008AB634 = {
						CreatedOnToolsVersion = 12.1;
						TestTargetID = 91727A412546D83A008AB634;
					};
					91727A5D2546D83F008AB634 = {
						CreatedOnToolsVersion = 12.1;
						TestTargetID = 91727A412546D83A008AB634;
					};
				};
			};
			buildConfigurationList = 91727A3D2546D83A008AB634 /* Build configuration list for PBXProject "16 kinds of SwiftUI modifier" */;
			compatibilityVersion = "Xcode 9.3";
			developmentRegion = en;
			hasScannedForEncodings = 0;
			knownRegions = (
				en,
				Base,
			);
			mainGroup = 91727A392546D83A008AB634;
			productRefGroup = 91727A432546D83A008AB634 /* Products */;
			projectDirPath = "";
			projectRoot = "";
			targets = (
				91727A412546D83A008AB634 /* 16 kinds of SwiftUI modifier */,
				91727A522546D83F008AB634 /* 16 kinds of SwiftUI modifierTests */,
				91727A5D2546D83F008AB634 /* 16 kinds of SwiftUI modifierUITests */,
			);
		};
/* End PBXProject section */

/* Begin PBXResourcesBuildPhase section */
		91727A402546D83A008AB634 /* Resources */ = {
			isa = PBXResourcesBuildPhase;
			buildActionMask = 2147483647;
			files = (
				91727A4D2546D83D008AB634 /* Preview Assets.xcassets in Resources */,
				91727A4A2546D83D008AB634 /* Assets.xcassets in Resources */,
			);
			runOnlyForDeploymentPostprocessing = 0;
		};
		91727A512546D83F008AB634 /* Resources */ = {
			isa = PBXResourcesBuildPhase;
			buildActionMask = 2147483647;
			files = (
			);
			runOnlyForDeploymentPostprocessing = 0;
		};
		91727A5C2546D83F008AB634 /* Resources */ = {
			isa = PBXResourcesBuildPhase;
			buildActionMask = 2147483647;
			files = (
			);
			runOnlyForDeploymentPostprocessing = 0;
		};
/* End PBXResourcesBuildPhase section */

/* Begin PBXSourcesBuildPhase section */
		91727A3E2546D83A008AB634 /* Sources */ = {
			isa = PBXSourcesBuildPhase;
			buildActionMask = 2147483647;
			files = (
				91727A482546D83A008AB634 /* ContentView.swift in Sources */,
				91727A462546D83A008AB634 /* _6_kinds_of_SwiftUI_modifierApp.swift in Sources */,
				91727A742546D996008AB634 /* EditPhotoView.swift in Sources */,
				91727A79254710C2008AB634 /* PickView.swift in Sources */,
			);
			runOnlyForDeploymentPostprocessing = 0;
		};
		91727A4F2546D83F008AB634 /* Sources */ = {
			isa = PBXSourcesBuildPhase;
			buildActionMask = 2147483647;
			files = (
				91727A582546D83F008AB634 /* _6_kinds_of_SwiftUI_modifierTests.swift in Sources */,
			);
			runOnlyForDeploymentPostprocessing = 0;
		};
		91727A5A2546D83F008AB634 /* Sources */ = {
			isa = PBXSourcesBuildPhase;
			buildActionMask = 2147483647;
			files = (
				91727A632546D83F008AB634 /* _6_kinds_of_SwiftUI_modifierUITests.swift in Sources */,
			);
			runOnlyForDeploymentPostprocessing = 0;
		};
/* End PBXSourcesBuildPhase section */

/* Begin PBXTargetDependency section */
		91727A552546D83F008AB634 /* PBXTargetDependency */ = {
			isa = PBXTargetDependency;
			target = 91727A412546D83A008AB634 /* 16 kinds of SwiftUI modifier */;
			targetProxy = 91727A542546D83F008AB634 /* PBXContainerItemProxy */;
		};
		91727A602546D83F008AB634 /* PBXTargetDependency */ = {
			isa = PBXTargetDependency;
			target = 91727A412546D83A008AB634 /* 16 kinds of SwiftUI modifier */;
			targetProxy = 91727A5F2546D83F008AB634 /* PBXContainerItemProxy */;
		};
/* End PBXTargetDependency section */

/* Begin XCBuildConfiguration section */
		91727A652546D83F008AB634 /* Debug */ = {
			isa = XCBuildConfiguration;
			buildSettings = {
				ALWAYS_SEARCH_USER_PATHS = NO;
				CLANG_ANALYZER_NONNULL = YES;
				CLANG_ANALYZER_NUMBER_OBJECT_CONVERSION = YES_AGGRESSIVE;
				CLANG_CXX_LANGUAGE_STANDARD = "gnu++14";
				CLANG_CXX_LIBRARY = "libc++";
				CLANG_ENABLE_MODULES = YES;
				CLANG_ENABLE_OBJC_ARC = YES;
				CLANG_ENABLE_OBJC_WEAK = YES;
				CLANG_WARN_BLOCK_CAPTURE_AUTORELEASING = YES;
				CLANG_WARN_BOOL_CONVERSION = YES;
				CLANG_WARN_COMMA = YES;
				CLANG_WARN_CONSTANT_CONVERSION = YES;
				CLANG_WARN_DEPRECATED_OBJC_IMPLEMENTATIONS = YES;
				CLANG_WARN_DIRECT_OBJC_ISA_USAGE = YES_ERROR;
				CLANG_WARN_DOCUMENTATION_COMMENTS = YES;
				CLANG_WARN_EMPTY_BODY = YES;
				CLANG_WARN_ENUM_CONVERSION = YES;
				CLANG_WARN_INFINITE_RECURSION = YES;
				CLANG_WARN_INT_CONVERSION = YES;
				CLANG_WARN_NON_LITERAL_NULL_CONVERSION = YES;
				CLANG_WARN_OBJC_IMPLICIT_RETAIN_SELF = YES;
				CLANG_WARN_OBJC_LITERAL_CONVERSION = YES;
				CLANG_WARN_OBJC_ROOT_CLASS = YES_ERROR;
				CLANG_WARN_QUOTED_INCLUDE_IN_FRAMEWORK_HEADER = YES;
				CLANG_WARN_RANGE_LOOP_ANALYSIS = YES;
				CLANG_WARN_STRICT_PROTOTYPES = YES;
				CLANG_WARN_SUSPICIOUS_MOVE = YES;
				CLANG_WARN_UNGUARDED_AVAILABILITY = YES_AGGRESSIVE;
				CLANG_WARN_UNREACHABLE_CODE = YES;
				CLANG_WARN__DUPLICATE_METHOD_MATCH = YES;
				COPY_PHASE_STRIP = NO;
				DEBUG_INFORMATION_FORMAT = dwarf;
				ENABLE_STRICT_OBJC_MSGSEND = YES;
				ENABLE_TESTABILITY = YES;
				GCC_C_LANGUAGE_STANDARD = gnu11;
				GCC_DYNAMIC_NO_PIC = NO;
				GCC_NO_COMMON_BLOCKS = YES;
				GCC_OPTIMIZATION_LEVEL = 0;
				GCC_PREPROCESSOR_DEFINITIONS = (
					"DEBUG=1",
					"$(inherited)",
				);
				GCC_WARN_64_TO_32_BIT_CONVERSION = YES;
				GCC_WARN_ABOUT_RETURN_TYPE = YES_ERROR;
				GCC_WARN_UNDECLARED_SELECTOR = YES;
				GCC_WARN_UNINITIALIZED_AUTOS = YES_AGGRESSIVE;
				GCC_WARN_UNUSED_FUNCTION = YES;
				GCC_WARN_UNUSED_VARIABLE = YES;
				IPHONEOS_DEPLOYMENT_TARGET = 14.1;
				MTL_ENABLE_DEBUG_INFO = INCLUDE_SOURCE;
				MTL_FAST_MATH = YES;
				ONLY_ACTIVE_ARCH = YES;
				SDKROOT = iphoneos;
				SWIFT_ACTIVE_COMPILATION_CONDITIONS = DEBUG;
				SWIFT_OPTIMIZATION_LEVEL = "-Onone";
			};
			name = Debug;
		};
		91727A662546D83F008AB634 /* Release */ = {
			isa = XCBuildConfiguration;
			buildSettings = {
				ALWAYS_SEARCH_USER_PATHS = NO;
				CLANG_ANALYZER_NONNULL = YES;
				CLANG_ANALYZER_NUMBER_OBJECT_CONVERSION = YES_AGGRESSIVE;
				CLANG_CXX_LANGUAGE_STANDARD = "gnu++14";
				CLANG_CXX_LIBRARY = "libc++";
				CLANG_ENABLE_MODULES = YES;
				CLANG_ENABLE_OBJC_ARC = YES;
				CLANG_ENABLE_OBJC_WEAK = YES;
				CLANG_WARN_BLOCK_CAPTURE_AUTORELEASING = YES;
				CLANG_WARN_BOOL_CONVERSION = YES;
				CLANG_WARN_COMMA = YES;
				CLANG_WARN_CONSTANT_CONVERSION = YES;
				CLANG_WARN_DEPRECATED_OBJC_IMPLEMENTATIONS = YES;
				CLANG_WARN_DIRECT_OBJC_ISA_USAGE = YES_ERROR;
				CLANG_WARN_DOCUMENTATION_COMMENTS = YES;
				CLANG_WARN_EMPTY_BODY = YES;
				CLANG_WARN_ENUM_CONVERSION = YES;
				CLANG_WARN_INFINITE_RECURSION = YES;
				CLANG_WARN_INT_CONVERSION = YES;
				CLANG_WARN_NON_LITERAL_NULL_CONVERSION = YES;
				CLANG_WARN_OBJC_IMPLICIT_RETAIN_SELF = YES;
				CLANG_WARN_OBJC_LITERAL_CONVERSION = YES;
				CLANG_WARN_OBJC_ROOT_CLASS = YES_ERROR;
				CLANG_WARN_QUOTED_INCLUDE_IN_FRAMEWORK_HEADER = YES;
				CLANG_WARN_RANGE_LOOP_ANALYSIS = YES;
				CLANG_WARN_STRICT_PROTOTYPES = YES;
				CLANG_WARN_SUSPICIOUS_MOVE = YES;
				CLANG_WARN_UNGUARDED_AVAILABILITY = YES_AGGRESSIVE;
				CLANG_WARN_UNREACHABLE_CODE = YES;
				CLANG_WARN__DUPLICATE_METHOD_MATCH = YES;
				COPY_PHASE_STRIP = NO;
				DEBUG_INFORMATION_FORMAT = "dwarf-with-dsym";
				ENABLE_NS_ASSERTIONS = NO;
				ENABLE_STRICT_OBJC_MSGSEND = YES;
				GCC_C_LANGUAGE_STANDARD = gnu11;
				GCC_NO_COMMON_BLOCKS = YES;
				GCC_WARN_64_TO_32_BIT_CONVERSION = YES;
				GCC_WARN_ABOUT_RETURN_TYPE = YES_ERROR;
				GCC_WARN_UNDECLARED_SELECTOR = YES;
				GCC_WARN_UNINITIALIZED_AUTOS = YES_AGGRESSIVE;
				GCC_WARN_UNUSED_FUNCTION = YES;
				GCC_WARN_UNUSED_VARIABLE = YES;
				IPHONEOS_DEPLOYMENT_TARGET = 14.1;
				MTL_ENABLE_DEBUG_INFO = NO;
				MTL_FAST_MATH = YES;
				SDKROOT = iphoneos;
				SWIFT_COMPILATION_MODE = wholemodule;
				SWIFT_OPTIMIZATION_LEVEL = "-O";
				VALIDATE_PRODUCT = YES;
			};
			name = Release;
		};
		91727A682546D83F008AB634 /* Debug */ = {
			isa = XCBuildConfiguration;
			buildSettings = {
				ASSETCATALOG_COMPILER_APPICON_NAME = AppIcon;
				ASSETCATALOG_COMPILER_GLOBAL_ACCENT_COLOR_NAME = AccentColor;
				CODE_SIGN_STYLE = Automatic;
				DEVELOPMENT_ASSET_PATHS = "\"16 kinds of SwiftUI modifier/Preview Content\"";
				DEVELOPMENT_TEAM = J9ZF4JANQ4;
				ENABLE_PREVIEWS = YES;
				INFOPLIST_FILE = "16 kinds of SwiftUI modifier/Info.plist";
				IPHONEOS_DEPLOYMENT_TARGET = 14.0;
				LD_RUNPATH_SEARCH_PATHS = (
					"$(inherited)",
					"@executable_path/Frameworks",
				);
				PRODUCT_BUNDLE_IDENTIFIER = "AddPoints.-6-kinds-of-SwiftUI-modifier";
				PRODUCT_NAME = "$(TARGET_NAME)";
				SWIFT_VERSION = 5.0;
				TARGETED_DEVICE_FAMILY = "1,2";
			};
			name = Debug;
		};
		91727A692546D83F008AB634 /* Release */ = {
			isa = XCBuildConfiguration;
			buildSettings = {
				ASSETCATALOG_COMPILER_APPICON_NAME = AppIcon;
				ASSETCATALOG_COMPILER_GLOBAL_ACCENT_COLOR_NAME = AccentColor;
				CODE_SIGN_STYLE = Automatic;
				DEVELOPMENT_ASSET_PATHS = "\"16 kinds of SwiftUI modifier/Preview Content\"";
				DEVELOPMENT_TEAM = J9ZF4JANQ4;
				ENABLE_PREVIEWS = YES;
				INFOPLIST_FILE = "16 kinds of SwiftUI modifier/Info.plist";
				IPHONEOS_DEPLOYMENT_TARGET = 14.0;
				LD_RUNPATH_SEARCH_PATHS = (
					"$(inherited)",
					"@executable_path/Frameworks",
				);
				PRODUCT_BUNDLE_IDENTIFIER = "AddPoints.-6-kinds-of-SwiftUI-modifier";
				PRODUCT_NAME = "$(TARGET_NAME)";
				SWIFT_VERSION = 5.0;
				TARGETED_DEVICE_FAMILY = "1,2";
			};
			name = Release;
		};
		91727A6B2546D83F008AB634 /* Debug */ = {
			isa = XCBuildConfiguration;
			buildSettings = {
				ALWAYS_EMBED_SWIFT_STANDARD_LIBRARIES = YES;
				BUNDLE_LOADER = "$(TEST_HOST)";
				CODE_SIGN_STYLE = Automatic;
				DEVELOPMENT_TEAM = J9ZF4JANQ4;
				INFOPLIST_FILE = "16 kinds of SwiftUI modifierTests/Info.plist";
				IPHONEOS_DEPLOYMENT_TARGET = 14.0;
				LD_RUNPATH_SEARCH_PATHS = (
					"$(inherited)",
					"@executable_path/Frameworks",
					"@loader_path/Frameworks",
				);
				PRODUCT_BUNDLE_IDENTIFIER = "AddPoints.-6-kinds-of-SwiftUI-modifierTests";
				PRODUCT_NAME = "$(TARGET_NAME)";
				SWIFT_VERSION = 5.0;
				TARGETED_DEVICE_FAMILY = "1,2";
				TEST_HOST = "$(BUILT_PRODUCTS_DIR)/16 kinds of SwiftUI modifier.app/16 kinds of SwiftUI modifier";
			};
			name = Debug;
		};
		91727A6C2546D83F008AB634 /* Release */ = {
			isa = XCBuildConfiguration;
			buildSettings = {
				ALWAYS_EMBED_SWIFT_STANDARD_LIBRARIES = YES;
				BUNDLE_LOADER = "$(TEST_HOST)";
				CODE_SIGN_STYLE = Automatic;
				DEVELOPMENT_TEAM = J9ZF4JANQ4;
				INFOPLIST_FILE = "16 kinds of SwiftUI modifierTests/Info.plist";
				IPHONEOS_DEPLOYMENT_TARGET = 14.0;
				LD_RUNPATH_SEARCH_PATHS = (
					"$(inherited)",
					"@executable_path/Frameworks",
					"@loader_path/Frameworks",
				);
				PRODUCT_BUNDLE_IDENTIFIER = "AddPoints.-6-kinds-of-SwiftUI-modifierTests";
				PRODUCT_NAME = "$(TARGET_NAME)";
				SWIFT_VERSION = 5.0;
				TARGETED_DEVICE_FAMILY = "1,2";
				TEST_HOST = "$(BUILT_PRODUCTS_DIR)/16 kinds of SwiftUI modifier.app/16 kinds of SwiftUI modifier";
			};
			name = Release;
		};
		91727A6E2546D83F008AB634 /* Debug */ = {
			isa = XCBuildConfiguration;
			buildSettings = {
				ALWAYS_EMBED_SWIFT_STANDARD_LIBRARIES = YES;
				CODE_SIGN_STYLE = Automatic;
				DEVELOPMENT_TEAM = J9ZF4JANQ4;
				INFOPLIST_FILE = "16 kinds of SwiftUI modifierUITests/Info.plist";
				LD_RUNPATH_SEARCH_PATHS = (
					"$(inherited)",
					"@executable_path/Frameworks",
					"@loader_path/Frameworks",
				);
				PRODUCT_BUNDLE_IDENTIFIER = "AddPoints.-6-kinds-of-SwiftUI-modifierUITests";
				PRODUCT_NAME = "$(TARGET_NAME)";
				SWIFT_VERSION = 5.0;
				TARGETED_DEVICE_FAMILY = "1,2";
				TEST_TARGET_NAME = "16 kinds of SwiftUI modifier";
			};
			name = Debug;
		};
		91727A6F2546D83F008AB634 /* Release */ = {
			isa = XCBuildConfiguration;
			buildSettings = {
				ALWAYS_EMBED_SWIFT_STANDARD_LIBRARIES = YES;
				CODE_SIGN_STYLE = Automatic;
				DEVELOPMENT_TEAM = J9ZF4JANQ4;
				INFOPLIST_FILE = "16 kinds of SwiftUI modifierUITests/Info.plist";
				LD_RUNPATH_SEARCH_PATHS = (
					"$(inherited)",
					"@executable_path/Frameworks",
					"@loader_path/Frameworks",
				);
				PRODUCT_BUNDLE_IDENTIFIER = "AddPoints.-6-kinds-of-SwiftUI-modifierUITests";
				PRODUCT_NAME = "$(TARGET_NAME)";
				SWIFT_VERSION = 5.0;
				TARGETED_DEVICE_FAMILY = "1,2";
				TEST_TARGET_NAME = "16 kinds of SwiftUI modifier";
			};
			name = Release;
		};
/* End XCBuildConfiguration section */

/* Begin XCConfigurationList section */
		91727A3D2546D83A008AB634 /* Build configuration list for PBXProject "16 kinds of SwiftUI modifier" */ = {
			isa = XCConfigurationList;
			buildConfigurations = (
				91727A652546D83F008AB634 /* Debug */,
				91727A662546D83F008AB634 /* Release */,
			);
			defaultConfigurationIsVisible = 0;
			defaultConfigurationName = Release;
		};
		91727A672546D83F008AB634 /* Build configuration list for PBXNativeTarget "16 kinds of SwiftUI modifier" */ = {
			isa = XCConfigurationList;
			buildConfigurations = (
				91727A682546D83F008AB634 /* Debug */,
				91727A692546D83F008AB634 /* Release */,
			);
			defaultConfigurationIsVisible = 0;
			defaultConfigurationName = Release;
		};
		91727A6A2546D83F008AB634 /* Build configuration list for PBXNativeTarget "16 kinds of SwiftUI modifierTests" */ = {
			isa = XCConfigurationList;
			buildConfigurations = (
				91727A6B2546D83F008AB634 /* Debug */,
				91727A6C2546D83F008AB634 /* Release */,
			);
			defaultConfigurationIsVisible = 0;
			defaultConfigurationName = Release;
		};
		91727A6D2546D83F008AB634 /* Build configuration list for PBXNativeTarget "16 kinds of SwiftUI modifierUITests" */ = {
			isa = XCConfigurationList;
			buildConfigurations = (
				91727A6E2546D83F008AB634 /* Debug */,
				91727A6F2546D83F008AB634 /* Release */,
			);
			defaultConfigurationIsVisible = 0;
			defaultConfigurationName = Release;
		};
/* End XCConfigurationList section */
	};
	rootObject = 91727A3A2546D83A008AB634 /* Project object */;
}
